// !$*UTF8*$!
{
	archiveVersion = 1;
	classes = {
	};
	objectVersion = 46;
	objects = {

/* Begin PBXBuildFile section */
		DDE4486C1364B353009A8A85 /* UIKit.framework in Frameworks */ = {isa = PBXBuildFile; fileRef = DDE4486B1364B353009A8A85 /* UIKit.framework */; };
		DDE4486E1364B353009A8A85 /* Foundation.framework in Frameworks */ = {isa = PBXBuildFile; fileRef = DDE4486D1364B353009A8A85 /* Foundation.framework */; };
		DDE448701364B353009A8A85 /* CoreGraphics.framework in Frameworks */ = {isa = PBXBuildFile; fileRef = DDE4486F1364B353009A8A85 /* CoreGraphics.framework */; };
		DDE448761364B353009A8A85 /* InfoPlist.strings in Resources */ = {isa = PBXBuildFile; fileRef = DDE448741364B353009A8A85 /* InfoPlist.strings */; };
		DDE448791364B353009A8A85 /* main.m in Sources */ = {isa = PBXBuildFile; fileRef = DDE448781364B353009A8A85 /* main.m */; };
		DDE4487C1364B353009A8A85 /* Event_Locations_SalesAppDelegate.m in Sources */ = {isa = PBXBuildFile; fileRef = DDE4487B1364B353009A8A85 /* Event_Locations_SalesAppDelegate.m */; };
		DDE4487F1364B353009A8A85 /* MainWindow.xib in Resources */ = {isa = PBXBuildFile; fileRef = DDE4487D1364B353009A8A85 /* MainWindow.xib */; };
/* End PBXBuildFile section */

/* Begin PBXFileReference section */
		DDE448671364B353009A8A85 /* Event Locations-Sales.app */ = {isa = PBXFileReference; explicitFileType = wrapper.application; includeInIndex = 0; path = "Event Locations-Sales.app"; sourceTree = BUILT_PRODUCTS_DIR; };
		DDE4486B1364B353009A8A85 /* UIKit.framework */ = {isa = PBXFileReference; lastKnownFileType = wrapper.framework; name = UIKit.framework; path = System/Library/Frameworks/UIKit.framework; sourceTree = SDKROOT; };
		DDE4486D1364B353009A8A85 /* Foundation.framework */ = {isa = PBXFileReference; lastKnownFileType = wrapper.framework; name = Foundation.framework; path = System/Library/Frameworks/Foundation.framework; sourceTree = SDKROOT; };
		DDE4486F1364B353009A8A85 /* CoreGraphics.framework */ = {isa = PBXFileReference; lastKnownFileType = wrapper.framework; name = CoreGraphics.framework; path = System/Library/Frameworks/CoreGraphics.framework; sourceTree = SDKROOT; };
		DDE448731364B353009A8A85 /* Event Locations-Sales-Info.plist */ = {isa = PBXFileReference; path = "Event Locations-Sales-Info.plist"; sourceTree = "<group>"; };
		DDE448751364B353009A8A85 /* en */ = {isa = PBXFileReference; lastKnownFileType = text.plist.strings; name = en; path = en.lproj/InfoPlist.strings; sourceTree = "<group>"; };
		DDE448771364B353009A8A85 /* Event Locations-Sales-Prefix.pch */ = {isa = PBXFileReference; path = "Event Locations-Sales-Prefix.pch"; sourceTree = "<group>"; };
		DDE448781364B353009A8A85 /* main.m */ = {isa = PBXFileReference; lastKnownFileType = sourcecode.c.objc; path = main.m; sourceTree = "<group>"; };
		DDE4487A1364B353009A8A85 /* Event_Locations_SalesAppDelegate.h */ = {isa = PBXFileReference; path = Event_Locations_SalesAppDelegate.h; sourceTree = "<group>"; };
		DDE4487B1364B353009A8A85 /* Event_Locations_SalesAppDelegate.m */ = {isa = PBXFileReference; lastKnownFileType = sourcecode.c.objc; path = Event_Locations_SalesAppDelegate.m; sourceTree = "<group>"; };
		DDE4487E1364B353009A8A85 /* en */ = {isa = PBXFileReference; lastKnownFileType = file.xib; name = en; path = en.lproj/MainWindow.xib; sourceTree = "<group>"; };
/* End PBXFileReference section */

/* Begin PBXFrameworksBuildPhase section */
		DDE448641364B353009A8A85 /* Frameworks */ = {
			isa = PBXFrameworksBuildPhase;
			buildActionMask = 2147483647;
			files = (
				DDE4486C1364B353009A8A85 /* UIKit.framework in Frameworks */,
				DDE4486E1364B353009A8A85 /* Foundation.framework in Frameworks */,
				DDE448701364B353009A8A85 /* CoreGraphics.framework in Frameworks */,
			);
			runOnlyForDeploymentPostprocessing = 0;
		};
/* End PBXFrameworksBuildPhase section */

/* Begin PBXGroup section */
		DDE4485C1364B353009A8A85 = {
			isa = PBXGroup;
			children = (
				DDE448711364B353009A8A85 /* Event Locations-Sales */,
				DDE4486A1364B353009A8A85 /* Frameworks */,
				DDE448681364B353009A8A85 /* Products */,
			);
			sourceTree = "<group>";
		};
		DDE448681364B353009A8A85 /* Products */ = {
			isa = PBXGroup;
			children = (
				DDE448671364B353009A8A85 /* Event Locations-Sales.app */,
			);
			name = Products;
			sourceTree = "<group>";
		};
		DDE4486A1364B353009A8A85 /* Frameworks */ = {
			isa = PBXGroup;
			children = (
				DDE4486B1364B353009A8A85 /* UIKit.framework */,
				DDE4486D1364B353009A8A85 /* Foundation.framework */,
				DDE4486F1364B353009A8A85 /* CoreGraphics.framework */,
			);
			name = Frameworks;
			sourceTree = "<group>";
		};
		DDE448711364B353009A8A85 /* Event Locations-Sales */ = {
			isa = PBXGroup;
			children = (
				DDE4487A1364B353009A8A85 /* Event_Locations_SalesAppDelegate.h */,
				DDE4487B1364B353009A8A85 /* Event_Locations_SalesAppDelegate.m */,
				DDE4487D1364B353009A8A85 /* MainWindow.xib */,
				DDE448721364B353009A8A85 /* Supporting Files */,
			);
			path = "Event Locations-Sales";
			sourceTree = "<group>";
		};
		DDE448721364B353009A8A85 /* Supporting Files */ = {
			isa = PBXGroup;
			children = (
				DDE448731364B353009A8A85 /* Event Locations-Sales-Info.plist */,
				DDE448741364B353009A8A85 /* InfoPlist.strings */,
				DDE448771364B353009A8A85 /* Event Locations-Sales-Prefix.pch */,
				DDE448781364B353009A8A85 /* main.m */,
			);
			name = "Supporting Files";
			sourceTree = "<group>";
		};
/* End PBXGroup section */

/* Begin PBXNativeTarget section */
		DDE448661364B353009A8A85 /* Event Locations-Sales */ = {
			isa = PBXNativeTarget;
			buildConfigurationList = DDE448821364B353009A8A85 /* Build configuration list for PBXNativeTarget "Event Locations-Sales" */;
			buildPhases = (
				DDE448631364B353009A8A85 /* Sources */,
				DDE448641364B353009A8A85 /* Frameworks */,
				DDE448651364B353009A8A85 /* Resources */,
			);
			buildRules = (
			);
			dependencies = (
			);
			name = "Event Locations-Sales";
			productName = "Event Locations-Sales";
			productReference = DDE448671364B353009A8A85 /* Event Locations-Sales.app */;
			productType = "com.apple.product-type.application";
		};
/* End PBXNativeTarget section */

/* Begin PBXProject section */
		DDE4485E1364B353009A8A85 /* Project object */ = {
			isa = PBXProject;
			buildConfigurationList = DDE448611364B353009A8A85 /* Build configuration list for PBXProject "Event Locations-Sales" */;
			compatibilityVersion = "Xcode 3.2";
			developmentRegion = English;
			hasScannedForEncodings = 0;
			knownRegions = (
				en,
			);
			mainGroup = DDE4485C1364B353009A8A85;
			productRefGroup = DDE448681364B353009A8A85 /* Products */;
			projectDirPath = "";
			projectRoot = "";
			targets = (
				DDE448661364B353009A8A85 /* Event Locations-Sales */,
			);
		};
/* End PBXProject section */

/* Begin PBXResourcesBuildPhase section */
		DDE448651364B353009A8A85 /* Resources */ = {
			isa = PBXResourcesBuildPhase;
			buildActionMask = 2147483647;
			files = (
				DDE448761364B353009A8A85 /* InfoPlist.strings in Resources */,
				DDE4487F1364B353009A8A85 /* MainWindow.xib in Resources */,
			);
			runOnlyForDeploymentPostprocessing = 0;
		};
/* End PBXResourcesBuildPhase section */

/* Begin PBXSourcesBuildPhase section */
		DDE448631364B353009A8A85 /* Sources */ = {
			isa = PBXSourcesBuildPhase;
			buildActionMask = 2147483647;
			files = (
				DDE448791364B353009A8A85 /* main.m in Sources */,
				DDE4487C1364B353009A8A85 /* Event_Locations_SalesAppDelegate.m in Sources */,
			);
			runOnlyForDeploymentPostprocessing = 0;
		};
/* End PBXSourcesBuildPhase section */

/* Begin PBXVariantGroup section */
		DDE448741364B353009A8A85 /* InfoPlist.strings */ = {
			isa = PBXVariantGroup;
			children = (
				DDE448751364B353009A8A85 /* en */,
			);
			name = InfoPlist.strings;
			sourceTree = "<group>";
		};
		DDE4487D1364B353009A8A85 /* MainWindow.xib */ = {
			isa = PBXVariantGroup;
			children = (
				DDE4487E1364B353009A8A85 /* en */,
			);
			name = MainWindow.xib;
			sourceTree = "<group>";
		};
/* End PBXVariantGroup section */

/* Begin XCBuildConfiguration section */
		DDE448801364B353009A8A85 /* Debug */ = {
			isa = XCBuildConfiguration;
			buildSettings = {
				ARCHS = "$(ARCHS_UNIVERSAL_IPHONE_OS)";
				"CODE_SIGN_IDENTITY[sdk=iphoneos*]" = "iPhone Developer";
				GCC_C_LANGUAGE_STANDARD = gnu99;
				GCC_OPTIMIZATION_LEVEL = 0;
				GCC_PREPROCESSOR_DEFINITIONS = DEBUG;
				GCC_SYMBOLS_PRIVATE_EXTERN = NO;
				GCC_VERSION = com.apple.compilers.llvmgcc42;
				GCC_WARN_ABOUT_RETURN_TYPE = YES;
				GCC_WARN_UNUSED_VARIABLE = YES;
				IPHONEOS_DEPLOYMENT_TARGET = 4.3;
				SDKROOT = iphoneos;
				TARGETED_DEVICE_FAMILY = 2;
			};
			name = Debug;
		};
		DDE448811364B353009A8A85 /* Release */ = {
			isa = XCBuildConfiguration;
			buildSettings = {
				ARCHS = "$(ARCHS_UNIVERSAL_IPHONE_OS)";
				"CODE_SIGN_IDENTITY[sdk=iphoneos*]" = "iPhone Developer";
				GCC_C_LANGUAGE_STANDARD = gnu99;
				GCC_VERSION = com.apple.compilers.llvmgcc42;
				GCC_WARN_ABOUT_RETURN_TYPE = YES;
				GCC_WARN_UNUSED_VARIABLE = YES;
				IPHONEOS_DEPLOYMENT_TARGET = 4.3;
				OTHER_CFLAGS = "-DNS_BLOCK_ASSERTIONS=1";
				SDKROOT = iphoneos;
				TARGETED_DEVICE_FAMILY = 2;
			};
			name = Release;
		};
		DDE448831364B353009A8A85 /* Debug */ = {
			isa = XCBuildConfiguration;
			buildSettings = {
				ALWAYS_SEARCH_USER_PATHS = NO;
				COPY_PHASE_STRIP = NO;
				GCC_DYNAMIC_NO_PIC = NO;
				GCC_PRECOMPILE_PREFIX_HEADER = YES;
				GCC_PREFIX_HEADER = "Event Locations-Sales/Event Locations-Sales-Prefix.pch";
				INFOPLIST_FILE = "Event Locations-Sales/Event Locations-Sales-Info.plist";
				PRODUCT_NAME = "$(TARGET_NAME)";
				WRAPPER_EXTENSION = app;
			};
			name = Debug;
		};
		DDE448841364B353009A8A85 /* Release */ = {
			isa = XCBuildConfiguration;
			buildSettings = {
				ALWAYS_SEARCH_USER_PATHS = NO;
				COPY_PHASE_STRIP = YES;
				GCC_PRECOMPILE_PREFIX_HEADER = YES;
				GCC_PREFIX_HEADER = "Event Locations-Sales/Event Locations-Sales-Prefix.pch";
				INFOPLIST_FILE = "Event Locations-Sales/Event Locations-Sales-Info.plist";
				PRODUCT_NAME = "$(TARGET_NAME)";
				VALIDATE_PRODUCT = YES;
				WRAPPER_EXTENSION = app;
			};
			name = Release;
		};
/* End XCBuildConfiguration section */

/* Begin XCConfigurationList section */
		DDE448611364B353009A8A85 /* Build configuration list for PBXProject "Event Locations-Sales" */ = {
			isa = XCConfigurationList;
			buildConfigurations = (
				DDE448801364B353009A8A85 /* Debug */,
				DDE448811364B353009A8A85 /* Release */,
			);
			defaultConfigurationIsVisible = 0;
			defaultConfigurationName = Release;
		};
		DDE448821364B353009A8A85 /* Build configuration list for PBXNativeTarget "Event Locations-Sales" */ = {
			isa = XCConfigurationList;
			buildConfigurations = (
				DDE448831364B353009A8A85 /* Debug */,
				DDE448841364B353009A8A85 /* Release */,
			);
			defaultConfigurationIsVisible = 0;
		};
/* End XCConfigurationList section */
	};
	rootObject = DDE4485E1364B353009A8A85 /* Project object */;
}
